
Microsoft Visual Studio Solution File, Format Version 12.00
# Visual Studio Version 16
VisualStudioVersion = 16.0.31321.278
MinimumVisualStudioVersion = 10.0.40219.1
Project("{FAE04EC0-301F-11D3-BF4B-00C04F79EFBC}") = "MaisVacina", "MaisVacina\MaisVacina.csproj", "{990DE00A-9654-4C9A-B2A0-1DC42C0B7211}"
EndProject
Global
	GlobalSection(SolutionConfigurationPlatforms) = preSolution
		Debug|Any CPU = Debug|Any CPU
		Release|Any CPU = Release|Any CPU
	EndGlobalSection
	GlobalSection(ProjectConfigurationPlatforms) = postSolution
		{990DE00A-9654-4C9A-B2A0-1DC42C0B7211}.Debug|Any CPU.ActiveCfg = Debug|Any CPU
		{990DE00A-9654-4C9A-B2A0-1DC42C0B7211}.Debug|Any CPU.Build.0 = Debug|Any CPU
		{990DE00A-9654-4C9A-B2A0-1DC42C0B7211}.Release|Any CPU.ActiveCfg = Release|Any CPU
		{990DE00A-9654-4C9A-B2A0-1DC42C0B7211}.Release|Any CPU.Build.0 = Release|Any CPU
	EndGlobalSection
	GlobalSection(SolutionProperties) = preSolution
		HideSolutionNode = FALSE
	EndGlobalSection
	GlobalSection(ExtensibilityGlobals) = postSolution
		SolutionGuid = {8E8A0AFF-46D8-48B1-A4B6-389D711F19EE}
	EndGlobalSection
EndGlobal
